
Microsoft Visual Studio Solution File, Format Version 12.00
# Visual Studio Version 17
VisualStudioVersion = 17.6.33815.320
MinimumVisualStudioVersion = 10.0.40219.1
Project("{FAE04EC0-301F-11D3-BF4B-00C04F79EFBC}") = "TimerEnWF", "TimerEnWF\TimerEnWF.csproj", "{73A5485E-6716-4840-8EE2-DA7BB7F3F811}"
EndProject
Global
	GlobalSection(SolutionConfigurationPlatforms) = preSolution
		Debug|Any CPU = Debug|Any CPU
		Release|Any CPU = Release|Any CPU
	EndGlobalSection
	GlobalSection(ProjectConfigurationPlatforms) = postSolution
		{73A5485E-6716-4840-8EE2-DA7BB7F3F811}.Debug|Any CPU.ActiveCfg = Debug|Any CPU
		{73A5485E-6716-4840-8EE2-DA7BB7F3F811}.Debug|Any CPU.Build.0 = Debug|Any CPU
		{73A5485E-6716-4840-8EE2-DA7BB7F3F811}.Release|Any CPU.ActiveCfg = Release|Any CPU
		{73A5485E-6716-4840-8EE2-DA7BB7F3F811}.Release|Any CPU.Build.0 = Release|Any CPU
	EndGlobalSection
	GlobalSection(SolutionProperties) = preSolution
		HideSolutionNode = FALSE
	EndGlobalSection
	GlobalSection(ExtensibilityGlobals) = postSolution
		SolutionGuid = {BAC975D1-AFD2-4F08-8E00-7D52DECED415}
	EndGlobalSection
EndGlobal
